// !$*UTF8*$!
{
	archiveVersion = 1;
	classes = {
	};
	objectVersion = 77;
	objects = {

/* Begin PBXBuildFile section */
		67496ADF2D065B3A0028A669 /* Assets.xcassets in Resources */ = {isa = PBXBuildFile; fileRef = 67496ADA2D065B3A0028A669 /* Assets.xcassets */; };
/* End PBXBuildFile section */

/* Begin PBXContainerItemProxy section */
		67496AB72D06566C0028A669 /* PBXContainerItemProxy */ = {
			isa = PBXContainerItemProxy;
			containerPortal = 67496A9E2D06566A0028A669 /* Project object */;
			proxyType = 1;
			remoteGlobalIDString = 67496AA52D06566A0028A669;
			remoteInfo = BodyTracking;
		};
		67496AC12D06566C0028A669 /* PBXContainerItemProxy */ = {
			isa = PBXContainerItemProxy;
			containerPortal = 67496A9E2D06566A0028A669 /* Project object */;
			proxyType = 1;
			remoteGlobalIDString = 67496AA52D06566A0028A669;
			remoteInfo = BodyTracking;
		};
/* End PBXContainerItemProxy section */

/* Begin PBXFileReference section */
		67496AA62D06566A0028A669 /* BodyTracking.app */ = {isa = PBXFileReference; explicitFileType = wrapper.application; includeInIndex = 0; path = BodyTracking.app; sourceTree = BUILT_PRODUCTS_DIR; };
		67496AB62D06566C0028A669 /* BodyTrackingTests.xctest */ = {isa = PBXFileReference; explicitFileType = wrapper.cfbundle; includeInIndex = 0; path = BodyTrackingTests.xctest; sourceTree = BUILT_PRODUCTS_DIR; };
		67496AC02D06566C0028A669 /* BodyTrackingUITests.xctest */ = {isa = PBXFileReference; explicitFileType = wrapper.cfbundle; includeInIndex = 0; path = BodyTrackingUITests.xctest; sourceTree = BUILT_PRODUCTS_DIR; };
		67496ADA2D065B3A0028A669 /* Assets.xcassets */ = {isa = PBXFileReference; lastKnownFileType = folder.assetcatalog; path = Assets.xcassets; sourceTree = "<group>"; };
		67496ADD2D065B3A0028A669 /* Info.plist */ = {isa = PBXFileReference; lastKnownFileType = text.plist.xml; path = Info.plist; sourceTree = "<group>"; };
/* End PBXFileReference section */

/* Begin PBXFileSystemSynchronizedRootGroup section */
		67496AA82D06566A0028A669 /* BodyTracking */ = {
			isa = PBXFileSystemSynchronizedRootGroup;
			path = BodyTracking;
			sourceTree = "<group>";
		};
		67496AB92D06566C0028A669 /* BodyTrackingTests */ = {
			isa = PBXFileSystemSynchronizedRootGroup;
			path = BodyTrackingTests;
			sourceTree = "<group>";
		};
		67496AC32D06566C0028A669 /* BodyTrackingUITests */ = {
			isa = PBXFileSystemSynchronizedRootGroup;
			path = BodyTrackingUITests;
			sourceTree = "<group>";
		};
/* End PBXFileSystemSynchronizedRootGroup section */

/* Begin PBXFrameworksBuildPhase section */
		67496AA32D06566A0028A669 /* Frameworks */ = {
			isa = PBXFrameworksBuildPhase;
			buildActionMask = 2147483647;
			files = (
			);
			runOnlyForDeploymentPostprocessing = 0;
		};
		67496AB32D06566C0028A669 /* Frameworks */ = {
			isa = PBXFrameworksBuildPhase;
			buildActionMask = 2147483647;
			files = (
			);
			runOnlyForDeploymentPostprocessing = 0;
		};
		67496ABD2D06566C0028A669 /* Frameworks */ = {
			isa = PBXFrameworksBuildPhase;
			buildActionMask = 2147483647;
			files = (
			);
			runOnlyForDeploymentPostprocessing = 0;
		};
/* End PBXFrameworksBuildPhase section */

/* Begin PBXGroup section */
		67496A9D2D06566A0028A669 = {
			isa = PBXGroup;
			children = (
				67496ADA2D065B3A0028A669 /* Assets.xcassets */,
				67496ADD2D065B3A0028A669 /* Info.plist */,
				67496AA82D06566A0028A669 /* BodyTracking */,
				67496AB92D06566C0028A669 /* BodyTrackingTests */,
				67496AC32D06566C0028A669 /* BodyTrackingUITests */,
				67496AA72D06566A0028A669 /* Products */,
			);
			sourceTree = "<group>";
		};
		67496AA72D06566A0028A669 /* Products */ = {
			isa = PBXGroup;
			children = (
				67496AA62D06566A0028A669 /* BodyTracking.app */,
				67496AB62D06566C0028A669 /* BodyTrackingTests.xctest */,
				67496AC02D06566C0028A669 /* BodyTrackingUITests.xctest */,
			);
			name = Products;
			sourceTree = "<group>";
		};
/* End PBXGroup section */

/* Begin PBXNativeTarget section */
		67496AA52D06566A0028A669 /* BodyTracking */ = {
			isa = PBXNativeTarget;
			buildConfigurationList = 67496ACA2D06566C0028A669 /* Build configuration list for PBXNativeTarget "BodyTracking" */;
			buildPhases = (
				67496AA22D06566A0028A669 /* Sources */,
				67496AA32D06566A0028A669 /* Frameworks */,
				67496AA42D06566A0028A669 /* Resources */,
			);
			buildRules = (
			);
			dependencies = (
			);
			fileSystemSynchronizedGroups = (
				67496AA82D06566A0028A669 /* BodyTracking */,
			);
			name = BodyTracking;
			packageProductDependencies = (
			);
			productName = BodyTracking;
			productReference = 67496AA62D06566A0028A669 /* BodyTracking.app */;
			productType = "com.apple.product-type.application";
		};
		67496AB52D06566C0028A669 /* BodyTrackingTests */ = {
			isa = PBXNativeTarget;
			buildConfigurationList = 67496ACD2D06566C0028A669 /* Build configuration list for PBXNativeTarget "BodyTrackingTests" */;
			buildPhases = (
				67496AB22D06566C0028A669 /* Sources */,
				67496AB32D06566C0028A669 /* Frameworks */,
				67496AB42D06566C0028A669 /* Resources */,
			);
			buildRules = (
			);
			dependencies = (
				67496AB82D06566C0028A669 /* PBXTargetDependency */,
			);
			fileSystemSynchronizedGroups = (
				67496AB92D06566C0028A669 /* BodyTrackingTests */,
			);
			name = BodyTrackingTests;
			packageProductDependencies = (
			);
			productName = BodyTrackingTests;
			productReference = 67496AB62D06566C0028A669 /* BodyTrackingTests.xctest */;
			productType = "com.apple.product-type.bundle.unit-test";
		};
		67496ABF2D06566C0028A669 /* BodyTrackingUITests */ = {
			isa = PBXNativeTarget;
			buildConfigurationList = 67496AD02D06566C0028A669 /* Build configuration list for PBXNativeTarget "BodyTrackingUITests" */;
			buildPhases = (
				67496ABC2D06566C0028A669 /* Sources */,
				67496ABD2D06566C0028A669 /* Frameworks */,
				67496ABE2D06566C0028A669 /* Resources */,
			);
			buildRules = (
			);
			dependencies = (
				67496AC22D06566C0028A669 /* PBXTargetDependency */,
			);
			fileSystemSynchronizedGroups = (
				67496AC32D06566C0028A669 /* BodyTrackingUITests */,
			);
			name = BodyTrackingUITests;
			packageProductDependencies = (
			);
			productName = BodyTrackingUITests;
			productReference = 67496AC02D06566C0028A669 /* BodyTrackingUITests.xctest */;
			productType = "com.apple.product-type.bundle.ui-testing";
		};
/* End PBXNativeTarget section */

/* Begin PBXProject section */
		67496A9E2D06566A0028A669 /* Project object */ = {
			isa = PBXProject;
			attributes = {
				BuildIndependentTargetsInParallel = 1;
				LastSwiftUpdateCheck = 1610;
				LastUpgradeCheck = 1610;
				TargetAttributes = {
					67496AA52D06566A0028A669 = {
						CreatedOnToolsVersion = 16.1;
					};
					67496AB52D06566C0028A669 = {
						CreatedOnToolsVersion = 16.1;
						TestTargetID = 67496AA52D06566A0028A669;
					};
					67496ABF2D06566C0028A669 = {
						CreatedOnToolsVersion = 16.1;
						TestTargetID = 67496AA52D06566A0028A669;
					};
				};
			};
			buildConfigurationList = 67496AA12D06566A0028A669 /* Build configuration list for PBXProject "BodyTracking" */;
			developmentRegion = en;
			hasScannedForEncodings = 0;
			knownRegions = (
				en,
				Base,
			);
			mainGroup = 67496A9D2D06566A0028A669;
			minimizedProjectReferenceProxies = 1;
			preferredProjectObjectVersion = 77;
			productRefGroup = 67496AA72D06566A0028A669 /* Products */;
			projectDirPath = "";
			projectRoot = "";
			targets = (
				67496AA52D06566A0028A669 /* BodyTracking */,
				67496AB52D06566C0028A669 /* BodyTrackingTests */,
				67496ABF2D06566C0028A669 /* BodyTrackingUITests */,
			);
		};
/* End PBXProject section */

/* Begin PBXResourcesBuildPhase section */
		67496AA42D06566A0028A669 /* Resources */ = {
			isa = PBXResourcesBuildPhase;
			buildActionMask = 2147483647;
			files = (
				67496ADF2D065B3A0028A669 /* Assets.xcassets in Resources */,
			);
			runOnlyForDeploymentPostprocessing = 0;
		};
		67496AB42D06566C0028A669 /* Resources */ = {
			isa = PBXResourcesBuildPhase;
			buildActionMask = 2147483647;
			files = (
			);
			runOnlyForDeploymentPostprocessing = 0;
		};
		67496ABE2D06566C0028A669 /* Resources */ = {
			isa = PBXResourcesBuildPhase;
			buildActionMask = 2147483647;
			files = (
			);
			runOnlyForDeploymentPostprocessing = 0;
		};
/* End PBXResourcesBuildPhase section */

/* Begin PBXSourcesBuildPhase section */
		67496AA22D06566A0028A669 /* Sources */ = {
			isa = PBXSourcesBuildPhase;
			buildActionMask = 2147483647;
			files = (
			);
			runOnlyForDeploymentPostprocessing = 0;
		};
		67496AB22D06566C0028A669 /* Sources */ = {
			isa = PBXSourcesBuildPhase;
			buildActionMask = 2147483647;
			files = (
			);
			runOnlyForDeploymentPostprocessing = 0;
		};
		67496ABC2D06566C0028A669 /* Sources */ = {
			isa = PBXSourcesBuildPhase;
			buildActionMask = 2147483647;
			files = (
			);
			runOnlyForDeploymentPostprocessing = 0;
		};
/* End PBXSourcesBuildPhase section */

/* Begin PBXTargetDependency section */
		67496AB82D06566C0028A669 /* PBXTargetDependency */ = {
			isa = PBXTargetDependency;
			target = 67496AA52D06566A0028A669 /* BodyTracking */;
			targetProxy = 67496AB72D06566C0028A669 /* PBXContainerItemProxy */;
		};
		67496AC22D06566C0028A669 /* PBXTargetDependency */ = {
			isa = PBXTargetDependency;
			target = 67496AA52D06566A0028A669 /* BodyTracking */;
			targetProxy = 67496AC12D06566C0028A669 /* PBXContainerItemProxy */;
		};
/* End PBXTargetDependency section */

/* Begin XCBuildConfiguration section */
		67496AC82D06566C0028A669 /* Debug */ = {
			isa = XCBuildConfiguration;
			buildSettings = {
				ALWAYS_SEARCH_USER_PATHS = NO;
				ASSETCATALOG_COMPILER_GENERATE_SWIFT_ASSET_SYMBOL_EXTENSIONS = YES;
				CLANG_ANALYZER_NONNULL = YES;
				CLANG_ANALYZER_NUMBER_OBJECT_CONVERSION = YES_AGGRESSIVE;
				CLANG_CXX_LANGUAGE_STANDARD = "gnu++20";
				CLANG_ENABLE_MODULES = YES;
				CLANG_ENABLE_OBJC_ARC = YES;
				CLANG_ENABLE_OBJC_WEAK = YES;
				CLANG_WARN_BLOCK_CAPTURE_AUTORELEASING = YES;
				CLANG_WARN_BOOL_CONVERSION = YES;
				CLANG_WARN_COMMA = YES;
				CLANG_WARN_CONSTANT_CONVERSION = YES;
				CLANG_WARN_DEPRECATED_OBJC_IMPLEMENTATIONS = YES;
				CLANG_WARN_DIRECT_OBJC_ISA_USAGE = YES_ERROR;
				CLANG_WARN_DOCUMENTATION_COMMENTS = YES;
				CLANG_WARN_EMPTY_BODY = YES;
				CLANG_WARN_ENUM_CONVERSION = YES;
				CLANG_WARN_INFINITE_RECURSION = YES;
				CLANG_WARN_INT_CONVERSION = YES;
				CLANG_WARN_NON_LITERAL_NULL_CONVERSION = YES;
				CLANG_WARN_OBJC_IMPLICIT_RETAIN_SELF = YES;
				CLANG_WARN_OBJC_LITERAL_CONVERSION = YES;
				CLANG_WARN_OBJC_ROOT_CLASS = YES_ERROR;
				CLANG_WARN_QUOTED_INCLUDE_IN_FRAMEWORK_HEADER = YES;
				CLANG_WARN_RANGE_LOOP_ANALYSIS = YES;
				CLANG_WARN_STRICT_PROTOTYPES = YES;
				CLANG_WARN_SUSPICIOUS_MOVE = YES;
				CLANG_WARN_UNGUARDED_AVAILABILITY = YES_AGGRESSIVE;
				CLANG_WARN_UNREACHABLE_CODE = YES;
				CLANG_WARN__DUPLICATE_METHOD_MATCH = YES;
				COPY_PHASE_STRIP = NO;
				DEBUG_INFORMATION_FORMAT = dwarf;
				ENABLE_STRICT_OBJC_MSGSEND = YES;
				ENABLE_TESTABILITY = YES;
				ENABLE_USER_SCRIPT_SANDBOXING = YES;
				GCC_C_LANGUAGE_STANDARD = gnu17;
				GCC_DYNAMIC_NO_PIC = NO;
				GCC_NO_COMMON_BLOCKS = YES;
				GCC_OPTIMIZATION_LEVEL = 0;
				GCC_PREPROCESSOR_DEFINITIONS = (
					"DEBUG=1",
					"$(inherited)",
				);
				GCC_WARN_64_TO_32_BIT_CONVERSION = YES;
				GCC_WARN_ABOUT_RETURN_TYPE = YES_ERROR;
				GCC_WARN_UNDECLARED_SELECTOR = YES;
				GCC_WARN_UNINITIALIZED_AUTOS = YES_AGGRESSIVE;
				GCC_WARN_UNUSED_FUNCTION = YES;
				GCC_WARN_UNUSED_VARIABLE = YES;
				IPHONEOS_DEPLOYMENT_TARGET = 18.1;
				LOCALIZATION_PREFERS_STRING_CATALOGS = YES;
				MTL_ENABLE_DEBUG_INFO = INCLUDE_SOURCE;
				MTL_FAST_MATH = YES;
				ONLY_ACTIVE_ARCH = YES;
				SDKROOT = iphoneos;
				SWIFT_ACTIVE_COMPILATION_CONDITIONS = "DEBUG $(inherited)";
				SWIFT_OPTIMIZATION_LEVEL = "-Onone";
			};
			name = Debug;
		};
		67496AC92D06566C0028A669 /* Release */ = {
			isa = XCBuildConfiguration;
			buildSettings = {
				ALWAYS_SEARCH_USER_PATHS = NO;
				ASSETCATALOG_COMPILER_GENERATE_SWIFT_ASSET_SYMBOL_EXTENSIONS = YES;
				CLANG_ANALYZER_NONNULL = YES;
				CLANG_ANALYZER_NUMBER_OBJECT_CONVERSION = YES_AGGRESSIVE;
				CLANG_CXX_LANGUAGE_STANDARD = "gnu++20";
				CLANG_ENABLE_MODULES = YES;
				CLANG_ENABLE_OBJC_ARC = YES;
				CLANG_ENABLE_OBJC_WEAK = YES;
				CLANG_WARN_BLOCK_CAPTURE_AUTORELEASING = YES;
				CLANG_WARN_BOOL_CONVERSION = YES;
				CLANG_WARN_COMMA = YES;
				CLANG_WARN_CONSTANT_CONVERSION = YES;
				CLANG_WARN_DEPRECATED_OBJC_IMPLEMENTATIONS = YES;
				CLANG_WARN_DIRECT_OBJC_ISA_USAGE = YES_ERROR;
				CLANG_WARN_DOCUMENTATION_COMMENTS = YES;
				CLANG_WARN_EMPTY_BODY = YES;
				CLANG_WARN_ENUM_CONVERSION = YES;
				CLANG_WARN_INFINITE_RECURSION = YES;
				CLANG_WARN_INT_CONVERSION = YES;
				CLANG_WARN_NON_LITERAL_NULL_CONVERSION = YES;
				CLANG_WARN_OBJC_IMPLICIT_RETAIN_SELF = YES;
				CLANG_WARN_OBJC_LITERAL_CONVERSION = YES;
				CLANG_WARN_OBJC_ROOT_CLASS = YES_ERROR;
				CLANG_WARN_QUOTED_INCLUDE_IN_FRAMEWORK_HEADER = YES;
				CLANG_WARN_RANGE_LOOP_ANALYSIS = YES;
				CLANG_WARN_STRICT_PROTOTYPES = YES;
				CLANG_WARN_SUSPICIOUS_MOVE = YES;
				CLANG_WARN_UNGUARDED_AVAILABILITY = YES_AGGRESSIVE;
				CLANG_WARN_UNREACHABLE_CODE = YES;
				CLANG_WARN__DUPLICATE_METHOD_MATCH = YES;
				COPY_PHASE_STRIP = NO;
				DEBUG_INFORMATION_FORMAT = "dwarf-with-dsym";
				ENABLE_NS_ASSERTIONS = NO;
				ENABLE_STRICT_OBJC_MSGSEND = YES;
				ENABLE_USER_SCRIPT_SANDBOXING = YES;
				GCC_C_LANGUAGE_STANDARD = gnu17;
				GCC_NO_COMMON_BLOCKS = YES;
				GCC_WARN_64_TO_32_BIT_CONVERSION = YES;
				GCC_WARN_ABOUT_RETURN_TYPE = YES_ERROR;
				GCC_WARN_UNDECLARED_SELECTOR = YES;
				GCC_WARN_UNINITIALIZED_AUTOS = YES_AGGRESSIVE;
				GCC_WARN_UNUSED_FUNCTION = YES;
				GCC_WARN_UNUSED_VARIABLE = YES;
				IPHONEOS_DEPLOYMENT_TARGET = 18.1;
				LOCALIZATION_PREFERS_STRING_CATALOGS = YES;
				MTL_ENABLE_DEBUG_INFO = NO;
				MTL_FAST_MATH = YES;
				SDKROOT = iphoneos;
				SWIFT_COMPILATION_MODE = wholemodule;
				VALIDATE_PRODUCT = YES;
			};
			name = Release;
		};
		67496ACB2D06566C0028A669 /* Debug */ = {
			isa = XCBuildConfiguration;
			buildSettings = {
				ASSETCATALOG_COMPILER_APPICON_NAME = AppIcon;
				ASSETCATALOG_COMPILER_GLOBAL_ACCENT_COLOR_NAME = AccentColor;
				CODE_SIGN_STYLE = Automatic;
				CURRENT_PROJECT_VERSION = 1;
				DEVELOPMENT_ASSET_PATHS = "\"BodyTracking/Preview Content\"";
				DEVELOPMENT_TEAM = NYJ7W7U33J;
				ENABLE_PREVIEWS = YES;
				GENERATE_INFOPLIST_FILE = YES;
				INFOPLIST_KEY_NSCameraUsageDescription = "This app needs cam";
				INFOPLIST_KEY_UIApplicationSceneManifest_Generation = YES;
				INFOPLIST_KEY_UIApplicationSupportsIndirectInputEvents = YES;
				INFOPLIST_KEY_UILaunchScreen_Generation = YES;
				INFOPLIST_KEY_UISupportedInterfaceOrientations_iPad = "UIInterfaceOrientationPortrait UIInterfaceOrientationPortraitUpsideDown UIInterfaceOrientationLandscapeLeft UIInterfaceOrientationLandscapeRight";
				INFOPLIST_KEY_UISupportedInterfaceOrientations_iPhone = "UIInterfaceOrientationPortrait UIInterfaceOrientationLandscapeLeft UIInterfaceOrientationLandscapeRight";
				IPHONEOS_DEPLOYMENT_TARGET = 16.6;
				LD_RUNPATH_SEARCH_PATHS = (
					"$(inherited)",
					"@executable_path/Frameworks",
				);
				MARKETING_VERSION = 1.0;
				PRODUCT_BUNDLE_IDENTIFIER = swu.BodyTracking;
				PRODUCT_NAME = "$(TARGET_NAME)";
				SWIFT_EMIT_LOC_STRINGS = YES;
				SWIFT_VERSION = 5.0;
				TARGETED_DEVICE_FAMILY = "1,2";
			};
			name = Debug;
		};
		67496ACC2D06566C0028A669 /* Release */ = {
			isa = XCBuildConfiguration;
			buildSettings = {
				ASSETCATALOG_COMPILER_APPICON_NAME = AppIcon;
				ASSETCATALOG_COMPILER_GLOBAL_ACCENT_COLOR_NAME = AccentColor;
				CODE_SIGN_STYLE = Automatic;
				CURRENT_PROJECT_VERSION = 1;
				DEVELOPMENT_ASSET_PATHS = "\"BodyTracking/Preview Content\"";
				DEVELOPMENT_TEAM = NYJ7W7U33J;
				ENABLE_PREVIEWS = YES;
				GENERATE_INFOPLIST_FILE = YES;
				INFOPLIST_KEY_NSCameraUsageDescription = "This app needs cam";
				INFOPLIST_KEY_UIApplicationSceneManifest_Generation = YES;
				INFOPLIST_KEY_UIApplicationSupportsIndirectInputEvents = YES;
				INFOPLIST_KEY_UILaunchScreen_Generation = YES;
				INFOPLIST_KEY_UISupportedInterfaceOrientations_iPad = "UIInterfaceOrientationPortrait UIInterfaceOrientationPortraitUpsideDown UIInterfaceOrientationLandscapeLeft UIInterfaceOrientationLandscapeRight";
				INFOPLIST_KEY_UISupportedInterfaceOrientations_iPhone = "UIInterfaceOrientationPortrait UIInterfaceOrientationLandscapeLeft UIInterfaceOrientationLandscapeRight";
				IPHONEOS_DEPLOYMENT_TARGET = 16.6;
				LD_RUNPATH_SEARCH_PATHS = (
					"$(inherited)",
					"@executable_path/Frameworks",
				);
				MARKETING_VERSION = 1.0;
				PRODUCT_BUNDLE_IDENTIFIER = swu.BodyTracking;
				PRODUCT_NAME = "$(TARGET_NAME)";
				SWIFT_EMIT_LOC_STRINGS = YES;
				SWIFT_VERSION = 5.0;
				TARGETED_DEVICE_FAMILY = "1,2";
			};
			name = Release;
		};
		67496ACE2D06566C0028A669 /* Debug */ = {
			isa = XCBuildConfiguration;
			buildSettings = {
				BUNDLE_LOADER = "$(TEST_HOST)";
				CODE_SIGN_STYLE = Automatic;
				CURRENT_PROJECT_VERSION = 1;
				GENERATE_INFOPLIST_FILE = YES;
				IPHONEOS_DEPLOYMENT_TARGET = 18.1;
				MARKETING_VERSION = 1.0;
				PRODUCT_BUNDLE_IDENTIFIER = swu.BodyTrackingTests;
				PRODUCT_NAME = "$(TARGET_NAME)";
				SWIFT_EMIT_LOC_STRINGS = NO;
				SWIFT_VERSION = 5.0;
				TARGETED_DEVICE_FAMILY = "1,2";
				TEST_HOST = "$(BUILT_PRODUCTS_DIR)/BodyTracking.app/$(BUNDLE_EXECUTABLE_FOLDER_PATH)/BodyTracking";
			};
			name = Debug;
		};
		67496ACF2D06566C0028A669 /* Release */ = {
			isa = XCBuildConfiguration;
			buildSettings = {
				BUNDLE_LOADER = "$(TEST_HOST)";
				CODE_SIGN_STYLE = Automatic;
				CURRENT_PROJECT_VERSION = 1;
				GENERATE_INFOPLIST_FILE = YES;
				IPHONEOS_DEPLOYMENT_TARGET = 18.1;
				MARKETING_VERSION = 1.0;
				PRODUCT_BUNDLE_IDENTIFIER = swu.BodyTrackingTests;
				PRODUCT_NAME = "$(TARGET_NAME)";
				SWIFT_EMIT_LOC_STRINGS = NO;
				SWIFT_VERSION = 5.0;
				TARGETED_DEVICE_FAMILY = "1,2";
				TEST_HOST = "$(BUILT_PRODUCTS_DIR)/BodyTracking.app/$(BUNDLE_EXECUTABLE_FOLDER_PATH)/BodyTracking";
			};
			name = Release;
		};
		67496AD12D06566C0028A669 /* Debug */ = {
			isa = XCBuildConfiguration;
			buildSettings = {
				CODE_SIGN_STYLE = Automatic;
				CURRENT_PROJECT_VERSION = 1;
				GENERATE_INFOPLIST_FILE = YES;
				MARKETING_VERSION = 1.0;
				PRODUCT_BUNDLE_IDENTIFIER = swu.BodyTrackingUITests;
				PRODUCT_NAME = "$(TARGET_NAME)";
				SWIFT_EMIT_LOC_STRINGS = NO;
				SWIFT_VERSION = 5.0;
				TARGETED_DEVICE_FAMILY = "1,2";
				TEST_TARGET_NAME = BodyTracking;
			};
			name = Debug;
		};
		67496AD22D06566C0028A669 /* Release */ = {
			isa = XCBuildConfiguration;
			buildSettings = {
				CODE_SIGN_STYLE = Automatic;
				CURRENT_PROJECT_VERSION = 1;
				GENERATE_INFOPLIST_FILE = YES;
				MARKETING_VERSION = 1.0;
				PRODUCT_BUNDLE_IDENTIFIER = swu.BodyTrackingUITests;
				PRODUCT_NAME = "$(TARGET_NAME)";
				SWIFT_EMIT_LOC_STRINGS = NO;
				SWIFT_VERSION = 5.0;
				TARGETED_DEVICE_FAMILY = "1,2";
				TEST_TARGET_NAME = BodyTracking;
			};
			name = Release;
		};
/* End XCBuildConfiguration section */

/* Begin XCConfigurationList section */
		67496AA12D06566A0028A669 /* Build configuration list for PBXProject "BodyTracking" */ = {
			isa = XCConfigurationList;
			buildConfigurations = (
				67496AC82D06566C0028A669 /* Debug */,
				67496AC92D06566C0028A669 /* Release */,
			);
			defaultConfigurationIsVisible = 0;
			defaultConfigurationName = Release;
		};
		67496ACA2D06566C0028A669 /* Build configuration list for PBXNativeTarget "BodyTracking" */ = {
			isa = XCConfigurationList;
			buildConfigurations = (
				67496ACB2D06566C0028A669 /* Debug */,
				67496ACC2D06566C0028A669 /* Release */,
			);
			defaultConfigurationIsVisible = 0;
			defaultConfigurationName = Release;
		};
		67496ACD2D06566C0028A669 /* Build configuration list for PBXNativeTarget "BodyTrackingTests" */ = {
			isa = XCConfigurationList;
			buildConfigurations = (
				67496ACE2D06566C0028A669 /* Debug */,
				67496ACF2D06566C0028A669 /* Release */,
			);
			defaultConfigurationIsVisible = 0;
			defaultConfigurationName = Release;
		};
		67496AD02D06566C0028A669 /* Build configuration list for PBXNativeTarget "BodyTrackingUITests" */ = {
			isa = XCConfigurationList;
			buildConfigurations = (
				67496AD12D06566C0028A669 /* Debug */,
				67496AD22D06566C0028A669 /* Release */,
			);
			defaultConfigurationIsVisible = 0;
			defaultConfigurationName = Release;
		};
/* End XCConfigurationList section */
	};
	rootObject = 67496A9E2D06566A0028A669 /* Project object */;
}
